
Microsoft Visual Studio Solution File, Format Version 12.00
# Visual Studio Version 16
VisualStudioVersion = 16.0.30128.74
MinimumVisualStudioVersion = 15.0.26124.0
Project("{9A19103F-16F7-4668-BE54-9A1E7A4F7556}") = "MfePoc.Home", "Home\MfePoc.Home.csproj", "{AB6C695D-5532-42E8-9216-AB746A199224}"
EndProject
Project("{9A19103F-16F7-4668-BE54-9A1E7A4F7556}") = "MfePoc.BlazorSS1", "BlazorSS1\MfePoc.BlazorSS1.csproj", "{C94EBEE4-E90B-4CD2-A489-A7253B7D0863}"
EndProject
Project("{2150E333-8FDC-42A3-9474-1A3956D46DE8}") = "Root", "Root", "{2AA7C477-4146-4591-825F-B8FAF1BED546}"
	ProjectSection(SolutionItems) = preProject
		.editorconfig = .editorconfig
		.gitignore = .gitignore
		appveyor.yml = appveyor.yml
		build.proj = build.proj
		CommandPrompt.bat = CommandPrompt.bat
		global.json = global.json
		readme.md = readme.md
	EndProjectSection
EndProject
Project("{9A19103F-16F7-4668-BE54-9A1E7A4F7556}") = "MfePoc.Shared", "Shared\MfePoc.Shared.csproj", "{40CB37B0-43A3-434A-9A2B-3C3E462B2FCA}"
EndProject
Project("{9A19103F-16F7-4668-BE54-9A1E7A4F7556}") = "MfePoc.Dashboard", "Dashboard\MfePoc.Dashboard.csproj", "{88A1835F-83D9-458E-9C34-C35058B6C982}"
EndProject
Project("{9A19103F-16F7-4668-BE54-9A1E7A4F7556}") = "MfePoc.BlazorSS2", "BlazorSS2\MfePoc.BlazorSS2.csproj", "{F193FB7A-0871-4099-8799-96FE83136F87}"
EndProject
Project("{9A19103F-16F7-4668-BE54-9A1E7A4F7556}") = "MfePoc.BlazorCS1.Client", "BlazorCS1.Client\MfePoc.BlazorCS1.Client.csproj", "{07C38841-54F8-4E67-BAE5-4AEC6E743BD3}"
EndProject
Project("{9A19103F-16F7-4668-BE54-9A1E7A4F7556}") = "MfePoc.BlazorCS1", "BlazorCS1\MfePoc.BlazorCS1.csproj", "{D71A770B-B1C7-46EE-97B5-72B10E524C88}"
EndProject
Project("{9A19103F-16F7-4668-BE54-9A1E7A4F7556}") = "MfePoc.BlazorCS2", "BlazorCS2\MfePoc.BlazorCS2.csproj", "{C45FDD95-3DFD-4F6E-9A2A-6D7D17687A03}"
EndProject
Project("{9A19103F-16F7-4668-BE54-9A1E7A4F7556}") = "MfePoc.BlazorCS2.Client", "BlazorCS2.Client\MfePoc.BlazorCS2.Client.csproj", "{93ADF6D1-E80D-484D-98DA-BFC114622816}"
EndProject
Global
	GlobalSection(SolutionConfigurationPlatforms) = preSolution
		Debug|Any CPU = Debug|Any CPU
		Debug|x64 = Debug|x64
		Debug|x86 = Debug|x86
		Release|Any CPU = Release|Any CPU
		Release|x64 = Release|x64
		Release|x86 = Release|x86
	EndGlobalSection
	GlobalSection(ProjectConfigurationPlatforms) = postSolution
		{AB6C695D-5532-42E8-9216-AB746A199224}.Debug|Any CPU.ActiveCfg = Debug|Any CPU
		{AB6C695D-5532-42E8-9216-AB746A199224}.Debug|Any CPU.Build.0 = Debug|Any CPU
		{AB6C695D-5532-42E8-9216-AB746A199224}.Debug|x64.ActiveCfg = Debug|Any CPU
		{AB6C695D-5532-42E8-9216-AB746A199224}.Debug|x64.Build.0 = Debug|Any CPU
		{AB6C695D-5532-42E8-9216-AB746A199224}.Debug|x86.ActiveCfg = Debug|Any CPU
		{AB6C695D-5532-42E8-9216-AB746A199224}.Debug|x86.Build.0 = Debug|Any CPU
		{AB6C695D-5532-42E8-9216-AB746A199224}.Release|Any CPU.ActiveCfg = Release|Any CPU
		{AB6C695D-5532-42E8-9216-AB746A199224}.Release|Any CPU.Build.0 = Release|Any CPU
		{AB6C695D-5532-42E8-9216-AB746A199224}.Release|x64.ActiveCfg = Release|Any CPU
		{AB6C695D-5532-42E8-9216-AB746A199224}.Release|x64.Build.0 = Release|Any CPU
		{AB6C695D-5532-42E8-9216-AB746A199224}.Release|x86.ActiveCfg = Release|Any CPU
		{AB6C695D-5532-42E8-9216-AB746A199224}.Release|x86.Build.0 = Release|Any CPU
		{C94EBEE4-E90B-4CD2-A489-A7253B7D0863}.Debug|Any CPU.ActiveCfg = Debug|Any CPU
		{C94EBEE4-E90B-4CD2-A489-A7253B7D0863}.Debug|Any CPU.Build.0 = Debug|Any CPU
		{C94EBEE4-E90B-4CD2-A489-A7253B7D0863}.Debug|x64.ActiveCfg = Debug|Any CPU
		{C94EBEE4-E90B-4CD2-A489-A7253B7D0863}.Debug|x64.Build.0 = Debug|Any CPU
		{C94EBEE4-E90B-4CD2-A489-A7253B7D0863}.Debug|x86.ActiveCfg = Debug|Any CPU
		{C94EBEE4-E90B-4CD2-A489-A7253B7D0863}.Debug|x86.Build.0 = Debug|Any CPU
		{C94EBEE4-E90B-4CD2-A489-A7253B7D0863}.Release|Any CPU.ActiveCfg = Release|Any CPU
		{C94EBEE4-E90B-4CD2-A489-A7253B7D0863}.Release|Any CPU.Build.0 = Release|Any CPU
		{C94EBEE4-E90B-4CD2-A489-A7253B7D0863}.Release|x64.ActiveCfg = Release|Any CPU
		{C94EBEE4-E90B-4CD2-A489-A7253B7D0863}.Release|x64.Build.0 = Release|Any CPU
		{C94EBEE4-E90B-4CD2-A489-A7253B7D0863}.Release|x86.ActiveCfg = Release|Any CPU
		{C94EBEE4-E90B-4CD2-A489-A7253B7D0863}.Release|x86.Build.0 = Release|Any CPU
		{40CB37B0-43A3-434A-9A2B-3C3E462B2FCA}.Debug|Any CPU.ActiveCfg = Debug|Any CPU
		{40CB37B0-43A3-434A-9A2B-3C3E462B2FCA}.Debug|Any CPU.Build.0 = Debug|Any CPU
		{40CB37B0-43A3-434A-9A2B-3C3E462B2FCA}.Debug|x64.ActiveCfg = Debug|Any CPU
		{40CB37B0-43A3-434A-9A2B-3C3E462B2FCA}.Debug|x64.Build.0 = Debug|Any CPU
		{40CB37B0-43A3-434A-9A2B-3C3E462B2FCA}.Debug|x86.ActiveCfg = Debug|Any CPU
		{40CB37B0-43A3-434A-9A2B-3C3E462B2FCA}.Debug|x86.Build.0 = Debug|Any CPU
		{40CB37B0-43A3-434A-9A2B-3C3E462B2FCA}.Release|Any CPU.ActiveCfg = Release|Any CPU
		{40CB37B0-43A3-434A-9A2B-3C3E462B2FCA}.Release|Any CPU.Build.0 = Release|Any CPU
		{40CB37B0-43A3-434A-9A2B-3C3E462B2FCA}.Release|x64.ActiveCfg = Release|Any CPU
		{40CB37B0-43A3-434A-9A2B-3C3E462B2FCA}.Release|x64.Build.0 = Release|Any CPU
		{40CB37B0-43A3-434A-9A2B-3C3E462B2FCA}.Release|x86.ActiveCfg = Release|Any CPU
		{40CB37B0-43A3-434A-9A2B-3C3E462B2FCA}.Release|x86.Build.0 = Release|Any CPU
		{88A1835F-83D9-458E-9C34-C35058B6C982}.Debug|Any CPU.ActiveCfg = Debug|Any CPU
		{88A1835F-83D9-458E-9C34-C35058B6C982}.Debug|Any CPU.Build.0 = Debug|Any CPU
		{88A1835F-83D9-458E-9C34-C35058B6C982}.Debug|x64.ActiveCfg = Debug|Any CPU
		{88A1835F-83D9-458E-9C34-C35058B6C982}.Debug|x64.Build.0 = Debug|Any CPU
		{88A1835F-83D9-458E-9C34-C35058B6C982}.Debug|x86.ActiveCfg = Debug|Any CPU
		{88A1835F-83D9-458E-9C34-C35058B6C982}.Debug|x86.Build.0 = Debug|Any CPU
		{88A1835F-83D9-458E-9C34-C35058B6C982}.Release|Any CPU.ActiveCfg = Release|Any CPU
		{88A1835F-83D9-458E-9C34-C35058B6C982}.Release|Any CPU.Build.0 = Release|Any CPU
		{88A1835F-83D9-458E-9C34-C35058B6C982}.Release|x64.ActiveCfg = Release|Any CPU
		{88A1835F-83D9-458E-9C34-C35058B6C982}.Release|x64.Build.0 = Release|Any CPU
		{88A1835F-83D9-458E-9C34-C35058B6C982}.Release|x86.ActiveCfg = Release|Any CPU
		{88A1835F-83D9-458E-9C34-C35058B6C982}.Release|x86.Build.0 = Release|Any CPU
		{F193FB7A-0871-4099-8799-96FE83136F87}.Debug|Any CPU.ActiveCfg = Debug|Any CPU
		{F193FB7A-0871-4099-8799-96FE83136F87}.Debug|Any CPU.Build.0 = Debug|Any CPU
		{F193FB7A-0871-4099-8799-96FE83136F87}.Debug|x64.ActiveCfg = Debug|Any CPU
		{F193FB7A-0871-4099-8799-96FE83136F87}.Debug|x64.Build.0 = Debug|Any CPU
		{F193FB7A-0871-4099-8799-96FE83136F87}.Debug|x86.ActiveCfg = Debug|Any CPU
		{F193FB7A-0871-4099-8799-96FE83136F87}.Debug|x86.Build.0 = Debug|Any CPU
		{F193FB7A-0871-4099-8799-96FE83136F87}.Release|Any CPU.ActiveCfg = Release|Any CPU
		{F193FB7A-0871-4099-8799-96FE83136F87}.Release|Any CPU.Build.0 = Release|Any CPU
		{F193FB7A-0871-4099-8799-96FE83136F87}.Release|x64.ActiveCfg = Release|Any CPU
		{F193FB7A-0871-4099-8799-96FE83136F87}.Release|x64.Build.0 = Release|Any CPU
		{F193FB7A-0871-4099-8799-96FE83136F87}.Release|x86.ActiveCfg = Release|Any CPU
		{F193FB7A-0871-4099-8799-96FE83136F87}.Release|x86.Build.0 = Release|Any CPU
		{07C38841-54F8-4E67-BAE5-4AEC6E743BD3}.Debug|Any CPU.ActiveCfg = Debug|Any CPU
		{07C38841-54F8-4E67-BAE5-4AEC6E743BD3}.Debug|Any CPU.Build.0 = Debug|Any CPU
		{07C38841-54F8-4E67-BAE5-4AEC6E743BD3}.Debug|x64.ActiveCfg = Debug|Any CPU
		{07C38841-54F8-4E67-BAE5-4AEC6E743BD3}.Debug|x64.Build.0 = Debug|Any CPU
		{07C38841-54F8-4E67-BAE5-4AEC6E743BD3}.Debug|x86.ActiveCfg = Debug|Any CPU
		{07C38841-54F8-4E67-BAE5-4AEC6E743BD3}.Debug|x86.Build.0 = Debug|Any CPU
		{07C38841-54F8-4E67-BAE5-4AEC6E743BD3}.Release|Any CPU.ActiveCfg = Release|Any CPU
		{07C38841-54F8-4E67-BAE5-4AEC6E743BD3}.Release|Any CPU.Build.0 = Release|Any CPU
		{07C38841-54F8-4E67-BAE5-4AEC6E743BD3}.Release|x64.ActiveCfg = Release|Any CPU
		{07C38841-54F8-4E67-BAE5-4AEC6E743BD3}.Release|x64.Build.0 = Release|Any CPU
		{07C38841-54F8-4E67-BAE5-4AEC6E743BD3}.Release|x86.ActiveCfg = Release|Any CPU
		{07C38841-54F8-4E67-BAE5-4AEC6E743BD3}.Release|x86.Build.0 = Release|Any CPU
		{D71A770B-B1C7-46EE-97B5-72B10E524C88}.Debug|Any CPU.ActiveCfg = Debug|Any CPU
		{D71A770B-B1C7-46EE-97B5-72B10E524C88}.Debug|Any CPU.Build.0 = Debug|Any CPU
		{D71A770B-B1C7-46EE-97B5-72B10E524C88}.Debug|x64.ActiveCfg = Debug|Any CPU
		{D71A770B-B1C7-46EE-97B5-72B10E524C88}.Debug|x64.Build.0 = Debug|Any CPU
		{D71A770B-B1C7-46EE-97B5-72B10E524C88}.Debug|x86.ActiveCfg = Debug|Any CPU
		{D71A770B-B1C7-46EE-97B5-72B10E524C88}.Debug|x86.Build.0 = Debug|Any CPU
		{D71A770B-B1C7-46EE-97B5-72B10E524C88}.Release|Any CPU.ActiveCfg = Release|Any CPU
		{D71A770B-B1C7-46EE-97B5-72B10E524C88}.Release|Any CPU.Build.0 = Release|Any CPU
		{D71A770B-B1C7-46EE-97B5-72B10E524C88}.Release|x64.ActiveCfg = Release|Any CPU
		{D71A770B-B1C7-46EE-97B5-72B10E524C88}.Release|x64.Build.0 = Release|Any CPU
		{D71A770B-B1C7-46EE-97B5-72B10E524C88}.Release|x86.ActiveCfg = Release|Any CPU
		{D71A770B-B1C7-46EE-97B5-72B10E524C88}.Release|x86.Build.0 = Release|Any CPU
		{C45FDD95-3DFD-4F6E-9A2A-6D7D17687A03}.Debug|Any CPU.ActiveCfg = Debug|Any CPU
		{C45FDD95-3DFD-4F6E-9A2A-6D7D17687A03}.Debug|Any CPU.Build.0 = Debug|Any CPU
		{C45FDD95-3DFD-4F6E-9A2A-6D7D17687A03}.Debug|x64.ActiveCfg = Debug|Any CPU
		{C45FDD95-3DFD-4F6E-9A2A-6D7D17687A03}.Debug|x64.Build.0 = Debug|Any CPU
		{C45FDD95-3DFD-4F6E-9A2A-6D7D17687A03}.Debug|x86.ActiveCfg = Debug|Any CPU
		{C45FDD95-3DFD-4F6E-9A2A-6D7D17687A03}.Debug|x86.Build.0 = Debug|Any CPU
		{C45FDD95-3DFD-4F6E-9A2A-6D7D17687A03}.Release|Any CPU.ActiveCfg = Release|Any CPU
		{C45FDD95-3DFD-4F6E-9A2A-6D7D17687A03}.Release|Any CPU.Build.0 = Release|Any CPU
		{C45FDD95-3DFD-4F6E-9A2A-6D7D17687A03}.Release|x64.ActiveCfg = Release|Any CPU
		{C45FDD95-3DFD-4F6E-9A2A-6D7D17687A03}.Release|x64.Build.0 = Release|Any CPU
		{C45FDD95-3DFD-4F6E-9A2A-6D7D17687A03}.Release|x86.ActiveCfg = Release|Any CPU
		{C45FDD95-3DFD-4F6E-9A2A-6D7D17687A03}.Release|x86.Build.0 = Release|Any CPU
		{93ADF6D1-E80D-484D-98DA-BFC114622816}.Debug|Any CPU.ActiveCfg = Debug|Any CPU
		{93ADF6D1-E80D-484D-98DA-BFC114622816}.Debug|Any CPU.Build.0 = Debug|Any CPU
		{93ADF6D1-E80D-484D-98DA-BFC114622816}.Debug|x64.ActiveCfg = Debug|Any CPU
		{93ADF6D1-E80D-484D-98DA-BFC114622816}.Debug|x64.Build.0 = Debug|Any CPU
		{93ADF6D1-E80D-484D-98DA-BFC114622816}.Debug|x86.ActiveCfg = Debug|Any CPU
		{93ADF6D1-E80D-484D-98DA-BFC114622816}.Debug|x86.Build.0 = Debug|Any CPU
		{93ADF6D1-E80D-484D-98DA-BFC114622816}.Release|Any CPU.ActiveCfg = Release|Any CPU
		{93ADF6D1-E80D-484D-98DA-BFC114622816}.Release|Any CPU.Build.0 = Release|Any CPU
		{93ADF6D1-E80D-484D-98DA-BFC114622816}.Release|x64.ActiveCfg = Release|Any CPU
		{93ADF6D1-E80D-484D-98DA-BFC114622816}.Release|x64.Build.0 = Release|Any CPU
		{93ADF6D1-E80D-484D-98DA-BFC114622816}.Release|x86.ActiveCfg = Release|Any CPU
		{93ADF6D1-E80D-484D-98DA-BFC114622816}.Release|x86.Build.0 = Release|Any CPU
	EndGlobalSection
	GlobalSection(SolutionProperties) = preSolution
		HideSolutionNode = FALSE
	EndGlobalSection
	GlobalSection(ExtensibilityGlobals) = postSolution
		SolutionGuid = {2D2FE997-03A1-40DE-9E76-8CCBBAF60C82}
	EndGlobalSection
EndGlobal
