
Microsoft Visual Studio Solution File, Format Version 12.00
# Visual Studio Version 16
VisualStudioVersion = 16.0.30128.74
MinimumVisualStudioVersion = 15.0.26124.0
Project("{9A19103F-16F7-4668-BE54-9A1E7A4F7556}") = "App", "App\App.csproj", "{AB6C695D-5532-42E8-9216-AB746A199224}"
EndProject
Project("{9A19103F-16F7-4668-BE54-9A1E7A4F7556}") = "Module1", "Module1\Module1.csproj", "{83104D8E-6F3C-4F34-AEA3-1CD5E712569B}"
EndProject
Project("{9A19103F-16F7-4668-BE54-9A1E7A4F7556}") = "Module2", "Module2\Module2.csproj", "{C94EBEE4-E90B-4CD2-A489-A7253B7D0863}"
EndProject
Project("{9A19103F-16F7-4668-BE54-9A1E7A4F7556}") = "Module3", "Module3\Module3.csproj", "{42242CA8-C4C3-4293-8216-CBE190B130D2}"
EndProject
Project("{2150E333-8FDC-42A3-9474-1A3956D46DE8}") = "Root", "Root", "{2AA7C477-4146-4591-825F-B8FAF1BED546}"
	ProjectSection(SolutionItems) = preProject
		.editorconfig = .editorconfig
		.gitignore = .gitignore
		build.proj = build.proj
		CommandPrompt.bat = CommandPrompt.bat
		global.json = global.json
		notes.txt = notes.txt
		readme.md = readme.md
	EndProjectSection
EndProject
Project("{FAE04EC0-301F-11D3-BF4B-00C04F79EFBC}") = "Shared", "Shared\Shared.csproj", "{40CB37B0-43A3-434A-9A2B-3C3E462B2FCA}"
EndProject
Global
	GlobalSection(SolutionConfigurationPlatforms) = preSolution
		Debug|Any CPU = Debug|Any CPU
		Debug|x64 = Debug|x64
		Debug|x86 = Debug|x86
		Release|Any CPU = Release|Any CPU
		Release|x64 = Release|x64
		Release|x86 = Release|x86
	EndGlobalSection
	GlobalSection(ProjectConfigurationPlatforms) = postSolution
		{AB6C695D-5532-42E8-9216-AB746A199224}.Debug|Any CPU.ActiveCfg = Debug|Any CPU
		{AB6C695D-5532-42E8-9216-AB746A199224}.Debug|Any CPU.Build.0 = Debug|Any CPU
		{AB6C695D-5532-42E8-9216-AB746A199224}.Debug|x64.ActiveCfg = Debug|Any CPU
		{AB6C695D-5532-42E8-9216-AB746A199224}.Debug|x64.Build.0 = Debug|Any CPU
		{AB6C695D-5532-42E8-9216-AB746A199224}.Debug|x86.ActiveCfg = Debug|Any CPU
		{AB6C695D-5532-42E8-9216-AB746A199224}.Debug|x86.Build.0 = Debug|Any CPU
		{AB6C695D-5532-42E8-9216-AB746A199224}.Release|Any CPU.ActiveCfg = Release|Any CPU
		{AB6C695D-5532-42E8-9216-AB746A199224}.Release|Any CPU.Build.0 = Release|Any CPU
		{AB6C695D-5532-42E8-9216-AB746A199224}.Release|x64.ActiveCfg = Release|Any CPU
		{AB6C695D-5532-42E8-9216-AB746A199224}.Release|x64.Build.0 = Release|Any CPU
		{AB6C695D-5532-42E8-9216-AB746A199224}.Release|x86.ActiveCfg = Release|Any CPU
		{AB6C695D-5532-42E8-9216-AB746A199224}.Release|x86.Build.0 = Release|Any CPU
		{83104D8E-6F3C-4F34-AEA3-1CD5E712569B}.Debug|Any CPU.ActiveCfg = Debug|Any CPU
		{83104D8E-6F3C-4F34-AEA3-1CD5E712569B}.Debug|Any CPU.Build.0 = Debug|Any CPU
		{83104D8E-6F3C-4F34-AEA3-1CD5E712569B}.Debug|x64.ActiveCfg = Debug|Any CPU
		{83104D8E-6F3C-4F34-AEA3-1CD5E712569B}.Debug|x64.Build.0 = Debug|Any CPU
		{83104D8E-6F3C-4F34-AEA3-1CD5E712569B}.Debug|x86.ActiveCfg = Debug|Any CPU
		{83104D8E-6F3C-4F34-AEA3-1CD5E712569B}.Debug|x86.Build.0 = Debug|Any CPU
		{83104D8E-6F3C-4F34-AEA3-1CD5E712569B}.Release|Any CPU.ActiveCfg = Release|Any CPU
		{83104D8E-6F3C-4F34-AEA3-1CD5E712569B}.Release|Any CPU.Build.0 = Release|Any CPU
		{83104D8E-6F3C-4F34-AEA3-1CD5E712569B}.Release|x64.ActiveCfg = Release|Any CPU
		{83104D8E-6F3C-4F34-AEA3-1CD5E712569B}.Release|x64.Build.0 = Release|Any CPU
		{83104D8E-6F3C-4F34-AEA3-1CD5E712569B}.Release|x86.ActiveCfg = Release|Any CPU
		{83104D8E-6F3C-4F34-AEA3-1CD5E712569B}.Release|x86.Build.0 = Release|Any CPU
		{C94EBEE4-E90B-4CD2-A489-A7253B7D0863}.Debug|Any CPU.ActiveCfg = Debug|Any CPU
		{C94EBEE4-E90B-4CD2-A489-A7253B7D0863}.Debug|Any CPU.Build.0 = Debug|Any CPU
		{C94EBEE4-E90B-4CD2-A489-A7253B7D0863}.Debug|x64.ActiveCfg = Debug|Any CPU
		{C94EBEE4-E90B-4CD2-A489-A7253B7D0863}.Debug|x64.Build.0 = Debug|Any CPU
		{C94EBEE4-E90B-4CD2-A489-A7253B7D0863}.Debug|x86.ActiveCfg = Debug|Any CPU
		{C94EBEE4-E90B-4CD2-A489-A7253B7D0863}.Debug|x86.Build.0 = Debug|Any CPU
		{C94EBEE4-E90B-4CD2-A489-A7253B7D0863}.Release|Any CPU.ActiveCfg = Release|Any CPU
		{C94EBEE4-E90B-4CD2-A489-A7253B7D0863}.Release|Any CPU.Build.0 = Release|Any CPU
		{C94EBEE4-E90B-4CD2-A489-A7253B7D0863}.Release|x64.ActiveCfg = Release|Any CPU
		{C94EBEE4-E90B-4CD2-A489-A7253B7D0863}.Release|x64.Build.0 = Release|Any CPU
		{C94EBEE4-E90B-4CD2-A489-A7253B7D0863}.Release|x86.ActiveCfg = Release|Any CPU
		{C94EBEE4-E90B-4CD2-A489-A7253B7D0863}.Release|x86.Build.0 = Release|Any CPU
		{42242CA8-C4C3-4293-8216-CBE190B130D2}.Debug|Any CPU.ActiveCfg = Debug|Any CPU
		{42242CA8-C4C3-4293-8216-CBE190B130D2}.Debug|Any CPU.Build.0 = Debug|Any CPU
		{42242CA8-C4C3-4293-8216-CBE190B130D2}.Debug|x64.ActiveCfg = Debug|Any CPU
		{42242CA8-C4C3-4293-8216-CBE190B130D2}.Debug|x64.Build.0 = Debug|Any CPU
		{42242CA8-C4C3-4293-8216-CBE190B130D2}.Debug|x86.ActiveCfg = Debug|Any CPU
		{42242CA8-C4C3-4293-8216-CBE190B130D2}.Debug|x86.Build.0 = Debug|Any CPU
		{42242CA8-C4C3-4293-8216-CBE190B130D2}.Release|Any CPU.ActiveCfg = Release|Any CPU
		{42242CA8-C4C3-4293-8216-CBE190B130D2}.Release|Any CPU.Build.0 = Release|Any CPU
		{42242CA8-C4C3-4293-8216-CBE190B130D2}.Release|x64.ActiveCfg = Release|Any CPU
		{42242CA8-C4C3-4293-8216-CBE190B130D2}.Release|x64.Build.0 = Release|Any CPU
		{42242CA8-C4C3-4293-8216-CBE190B130D2}.Release|x86.ActiveCfg = Release|Any CPU
		{42242CA8-C4C3-4293-8216-CBE190B130D2}.Release|x86.Build.0 = Release|Any CPU
		{40CB37B0-43A3-434A-9A2B-3C3E462B2FCA}.Debug|Any CPU.ActiveCfg = Debug|Any CPU
		{40CB37B0-43A3-434A-9A2B-3C3E462B2FCA}.Debug|Any CPU.Build.0 = Debug|Any CPU
		{40CB37B0-43A3-434A-9A2B-3C3E462B2FCA}.Debug|x64.ActiveCfg = Debug|Any CPU
		{40CB37B0-43A3-434A-9A2B-3C3E462B2FCA}.Debug|x64.Build.0 = Debug|Any CPU
		{40CB37B0-43A3-434A-9A2B-3C3E462B2FCA}.Debug|x86.ActiveCfg = Debug|Any CPU
		{40CB37B0-43A3-434A-9A2B-3C3E462B2FCA}.Debug|x86.Build.0 = Debug|Any CPU
		{40CB37B0-43A3-434A-9A2B-3C3E462B2FCA}.Release|Any CPU.ActiveCfg = Release|Any CPU
		{40CB37B0-43A3-434A-9A2B-3C3E462B2FCA}.Release|Any CPU.Build.0 = Release|Any CPU
		{40CB37B0-43A3-434A-9A2B-3C3E462B2FCA}.Release|x64.ActiveCfg = Release|Any CPU
		{40CB37B0-43A3-434A-9A2B-3C3E462B2FCA}.Release|x64.Build.0 = Release|Any CPU
		{40CB37B0-43A3-434A-9A2B-3C3E462B2FCA}.Release|x86.ActiveCfg = Release|Any CPU
		{40CB37B0-43A3-434A-9A2B-3C3E462B2FCA}.Release|x86.Build.0 = Release|Any CPU
	EndGlobalSection
	GlobalSection(SolutionProperties) = preSolution
		HideSolutionNode = FALSE
	EndGlobalSection
	GlobalSection(ExtensibilityGlobals) = postSolution
		SolutionGuid = {2D2FE997-03A1-40DE-9E76-8CCBBAF60C82}
	EndGlobalSection
EndGlobal
